
Microsoft Visual Studio Solution File, Format Version 12.00
# Visual Studio Version 16
VisualStudioVersion = 16.0.30611.23
MinimumVisualStudioVersion = 10.0.40219.1
Project("{FAE04EC0-301F-11D3-BF4B-00C04F79EFBC}") = "EsercizioTask1", "EsercizioTask1\EsercizioTask1.csproj", "{03C78529-6D6F-450E-A1C2-093F397FE11C}"
EndProject
Global
	GlobalSection(SolutionConfigurationPlatforms) = preSolution
		Debug|Any CPU = Debug|Any CPU
		Release|Any CPU = Release|Any CPU
	EndGlobalSection
	GlobalSection(ProjectConfigurationPlatforms) = postSolution
		{03C78529-6D6F-450E-A1C2-093F397FE11C}.Debug|Any CPU.ActiveCfg = Debug|Any CPU
		{03C78529-6D6F-450E-A1C2-093F397FE11C}.Debug|Any CPU.Build.0 = Debug|Any CPU
		{03C78529-6D6F-450E-A1C2-093F397FE11C}.Release|Any CPU.ActiveCfg = Release|Any CPU
		{03C78529-6D6F-450E-A1C2-093F397FE11C}.Release|Any CPU.Build.0 = Release|Any CPU
	EndGlobalSection
	GlobalSection(SolutionProperties) = preSolution
		HideSolutionNode = FALSE
	EndGlobalSection
	GlobalSection(ExtensibilityGlobals) = postSolution
		SolutionGuid = {A8A2ECE3-FABA-42DD-9EAE-780F4A6EBE23}
	EndGlobalSection
EndGlobal
